PODS:
  - Flutter (1.0.0)
  - flutter_naver_map (1.4.0):
    - Flutter
    - NMapsMap (= 3.22.1)
  - geolocator_apple (1.2.0):
    - Flutter
    - FlutterMacOS
  - NMapsGeometry (1.0.2)
  - NMapsMap (3.22.1):
    - NMapsGeometry
  - package_info_plus (0.4.5):
    - Flutter
  - path_provider_foundation (0.0.1):
    - Flutter
    - FlutterMacOS
  - sensors_plus (0.0.1):
    - Flutter

DEPENDENCIES:
  - Flutter (from `Flutter`)
  - flutter_naver_map (from `.symlinks/plugins/flutter_naver_map/ios`)
  - geolocator_apple (from `.symlinks/plugins/geolocator_apple/darwin`)
  - package_info_plus (from `.symlinks/plugins/package_info_plus/ios`)
  - path_provider_foundation (from `.symlinks/plugins/path_provider_foundation/darwin`)
  - sensors_plus (from `.symlinks/plugins/sensors_plus/ios`)

SPEC REPOS:
  trunk:
    - NMapsGeometry
    - NMapsMap

EXTERNAL SOURCES:
  Flutter:
    :path: Flutter
  flutter_naver_map:
    :path: ".symlinks/plugins/flutter_naver_map/ios"
  geolocator_apple:
    :path: ".symlinks/plugins/geolocator_apple/darwin"
  package_info_plus:
    :path: ".symlinks/plugins/package_info_plus/ios"
  path_provider_foundation:
    :path: ".symlinks/plugins/path_provider_foundation/darwin"
  sensors_plus:
    :path: ".symlinks/plugins/sensors_plus/ios"

SPEC CHECKSUMS:
  Flutter: e0871f40cf51350855a761d2e70bf5af5b9b5de7
  flutter_naver_map: 8936ea216d66ead633d52950fc542dfb5bbcd7e0
  geolocator_apple: 66b711889fd333205763b83c9dcf0a57a28c7afd
  NMapsGeometry: 4e02554fa9880ef02ed96b075dc84355d6352479
  NMapsMap: 09552eb050059e13b4c8fc294055760713cfdad8
  package_info_plus: c0502532a26c7662a62a356cebe2692ec5fe4ec4
  path_provider_foundation: 2b6b4c569c0fb62ec74538f866245ac84301af46
  sensors_plus: 7229095999f30740798f0eeef5cd120357a8f4f2

PODFILE CHECKSUM: 4305caec6b40dde0ae97be1573c53de1882a07e5

COCOAPODS: 1.16.2
